
Microsoft Visual Studio Solution File, Format Version 12.00
# Visual Studio Version 17
VisualStudioVersion = 17.6.33723.286
MinimumVisualStudioVersion = 10.0.40219.1
Project("{2150E333-8FDC-42A3-9474-1A3956D46DE8}") = "01- condicional", "01- condicional", "{51D9DF16-98A2-4057-B292-77C734CE2D71}"
EndProject
Project("{9A19103F-16F7-4668-BE54-9A1E7A4F7556}") = "exercicio1", "exercicio1\exercicio1.csproj", "{C58BD2EE-56FA-4263-B713-3E7181E66038}"
EndProject
Project("{9A19103F-16F7-4668-BE54-9A1E7A4F7556}") = "exercicio2", "exercicio2\exercicio2.csproj", "{7967AEFC-6D80-48B3-8155-A15AD57DD7CA}"
EndProject
Project("{9A19103F-16F7-4668-BE54-9A1E7A4F7556}") = "exercicio3", "exercicio3\exercicio3.csproj", "{1641D478-6927-460A-BC52-C86BC5764A2F}"
EndProject
Project("{9A19103F-16F7-4668-BE54-9A1E7A4F7556}") = "exercicio4", "exercicio4\exercicio4.csproj", "{D519FE24-B786-4737-ABD4-41D44268DE74}"
EndProject
Project("{9A19103F-16F7-4668-BE54-9A1E7A4F7556}") = "exercicio5", "exercicio5\exercicio5.csproj", "{04012D5A-E660-4880-BB73-2FD67501B16D}"
EndProject
Project("{9A19103F-16F7-4668-BE54-9A1E7A4F7556}") = "exercicio6", "exercicio6\exercicio6.csproj", "{77D29052-FA37-4283-8B6C-A0E9CF154E6F}"
EndProject
Project("{9A19103F-16F7-4668-BE54-9A1E7A4F7556}") = "exercicio7", "exercicio7\exercicio7.csproj", "{6C96A051-C625-44F9-BD5B-592656D38CBF}"
EndProject
Project("{2150E333-8FDC-42A3-9474-1A3956D46DE8}") = "02 - escolha caso", "02 - escolha caso", "{AB3CC47F-E777-4356-8A6D-CE121A1C5E55}"
EndProject
Project("{9A19103F-16F7-4668-BE54-9A1E7A4F7556}") = "exercicio1", "escolhacaso1\exercicio1\exercicio1.csproj", "{D1E9862E-34DC-43BC-ACB9-11951548371F}"
EndProject
Project("{9A19103F-16F7-4668-BE54-9A1E7A4F7556}") = "exercicio2", "escolhacaso2\exercicio2\exercicio2.csproj", "{99FA72A0-6D64-484A-B0D6-8510497713F9}"
EndProject
Project("{9A19103F-16F7-4668-BE54-9A1E7A4F7556}") = "exercicio3", "escolhacaso3\exercicio3\exercicio3.csproj", "{3B0829E0-91F3-4B8A-BA6E-38461D2ED03D}"
EndProject
Project("{2150E333-8FDC-42A3-9474-1A3956D46DE8}") = "03 - Para", "03 - Para", "{BA878040-4A65-408F-84BD-691F33092F74}"
EndProject
Project("{9A19103F-16F7-4668-BE54-9A1E7A4F7556}") = "exercicio1", "para\exercicio1\exercicio1.csproj", "{8A37EC57-B693-42F6-984A-4A6DA5E71020}"
EndProject
Project("{9A19103F-16F7-4668-BE54-9A1E7A4F7556}") = "exercicio 2", "exercicio 2\exercicio 2.csproj", "{B67E02C4-13D9-4F1B-8DAF-0059DD24EC92}"
EndProject
Project("{9A19103F-16F7-4668-BE54-9A1E7A4F7556}") = "exercicio3", "para3\exercicio3\exercicio3.csproj", "{480AF47C-F29C-4FDF-8326-D5BC5E155387}"
EndProject
Project("{9A19103F-16F7-4668-BE54-9A1E7A4F7556}") = "exercicio4", " para4\exercicio4\exercicio4.csproj", "{ECCFA76D-BFF8-4FC1-BC85-416011F3F94B}"
EndProject
Project("{9A19103F-16F7-4668-BE54-9A1E7A4F7556}") = "exercicio5", "para5\exercicio5\exercicio5.csproj", "{84661F30-E7FD-437F-BF0B-B7F3E234E06A}"
EndProject
Project("{2150E333-8FDC-42A3-9474-1A3956D46DE8}") = "04- enquanto", "04- enquanto", "{CAAF9567-5850-4FFB-AAD9-CE14E2020D70}"
EndProject
Project("{9A19103F-16F7-4668-BE54-9A1E7A4F7556}") = "exercicio1", "enquanto1\exercicio1\exercicio1.csproj", "{716AC006-3773-49EE-A6DC-0725CEEE0D0B}"
EndProject
Project("{9A19103F-16F7-4668-BE54-9A1E7A4F7556}") = "exercicio2", "enquanto2\exercicio2\exercicio2.csproj", "{55AC795D-45A6-48E5-AA2A-B102FDCD2EA5}"
EndProject
Project("{9A19103F-16F7-4668-BE54-9A1E7A4F7556}") = "exercicio3", "enquanto3\exercicio3\exercicio3.csproj", "{AC399CB0-9BBE-4CF5-AF42-A980B88B6770}"
EndProject
Project("{9A19103F-16F7-4668-BE54-9A1E7A4F7556}") = "exercicio4", "enquanto4\exercicio4\exercicio4.csproj", "{6E448E3B-F9F8-4951-9918-AA041C0D0404}"
EndProject
Project("{2150E333-8FDC-42A3-9474-1A3956D46DE8}") = "Exercicios intermediarios", "Exercicios intermediarios", "{B598E053-FE5D-4354-86F4-679F2CD51BB4}"
EndProject
Project("{9A19103F-16F7-4668-BE54-9A1E7A4F7556}") = "exercicio1", "exercicio1\exercicio1\exercicio1.csproj", "{92959EDB-7998-4BC6-8DDC-81EC646F6D7C}"
EndProject
Project("{9A19103F-16F7-4668-BE54-9A1E7A4F7556}") = "exercicio2", "exercicio2\exercicio2\exercicio2.csproj", "{0332C497-9687-4337-9395-2C2968E3B800}"
EndProject
Project("{FAE04EC0-301F-11D3-BF4B-00C04F79EFBC}") = "exercicio3", "..\Exercicios3\exercicio3\exercicio3\exercicio3.csproj", "{C08E8DC7-4605-4B44-8D8E-B68EB55BFC4A}"
EndProject
Project("{FAE04EC0-301F-11D3-BF4B-00C04F79EFBC}") = "exercicio4", "..\Exercicios4\exercicio4\exercicio4.csproj", "{193D2EB0-D8C5-4FA8-BD6B-708AAD7537A6}"
EndProject
Global
	GlobalSection(SolutionConfigurationPlatforms) = preSolution
		Debug|Any CPU = Debug|Any CPU
		Release|Any CPU = Release|Any CPU
	EndGlobalSection
	GlobalSection(ProjectConfigurationPlatforms) = postSolution
		{C58BD2EE-56FA-4263-B713-3E7181E66038}.Debug|Any CPU.ActiveCfg = Debug|Any CPU
		{C58BD2EE-56FA-4263-B713-3E7181E66038}.Debug|Any CPU.Build.0 = Debug|Any CPU
		{C58BD2EE-56FA-4263-B713-3E7181E66038}.Release|Any CPU.ActiveCfg = Release|Any CPU
		{C58BD2EE-56FA-4263-B713-3E7181E66038}.Release|Any CPU.Build.0 = Release|Any CPU
		{7967AEFC-6D80-48B3-8155-A15AD57DD7CA}.Debug|Any CPU.ActiveCfg = Debug|Any CPU
		{7967AEFC-6D80-48B3-8155-A15AD57DD7CA}.Debug|Any CPU.Build.0 = Debug|Any CPU
		{7967AEFC-6D80-48B3-8155-A15AD57DD7CA}.Release|Any CPU.ActiveCfg = Release|Any CPU
		{7967AEFC-6D80-48B3-8155-A15AD57DD7CA}.Release|Any CPU.Build.0 = Release|Any CPU
		{1641D478-6927-460A-BC52-C86BC5764A2F}.Debug|Any CPU.ActiveCfg = Debug|Any CPU
		{1641D478-6927-460A-BC52-C86BC5764A2F}.Debug|Any CPU.Build.0 = Debug|Any CPU
		{1641D478-6927-460A-BC52-C86BC5764A2F}.Release|Any CPU.ActiveCfg = Release|Any CPU
		{1641D478-6927-460A-BC52-C86BC5764A2F}.Release|Any CPU.Build.0 = Release|Any CPU
		{D519FE24-B786-4737-ABD4-41D44268DE74}.Debug|Any CPU.ActiveCfg = Debug|Any CPU
		{D519FE24-B786-4737-ABD4-41D44268DE74}.Debug|Any CPU.Build.0 = Debug|Any CPU
		{D519FE24-B786-4737-ABD4-41D44268DE74}.Release|Any CPU.ActiveCfg = Release|Any CPU
		{D519FE24-B786-4737-ABD4-41D44268DE74}.Release|Any CPU.Build.0 = Release|Any CPU
		{04012D5A-E660-4880-BB73-2FD67501B16D}.Debug|Any CPU.ActiveCfg = Debug|Any CPU
		{04012D5A-E660-4880-BB73-2FD67501B16D}.Debug|Any CPU.Build.0 = Debug|Any CPU
		{04012D5A-E660-4880-BB73-2FD67501B16D}.Release|Any CPU.ActiveCfg = Release|Any CPU
		{04012D5A-E660-4880-BB73-2FD67501B16D}.Release|Any CPU.Build.0 = Release|Any CPU
		{77D29052-FA37-4283-8B6C-A0E9CF154E6F}.Debug|Any CPU.ActiveCfg = Debug|Any CPU
		{77D29052-FA37-4283-8B6C-A0E9CF154E6F}.Debug|Any CPU.Build.0 = Debug|Any CPU
		{77D29052-FA37-4283-8B6C-A0E9CF154E6F}.Release|Any CPU.ActiveCfg = Release|Any CPU
		{77D29052-FA37-4283-8B6C-A0E9CF154E6F}.Release|Any CPU.Build.0 = Release|Any CPU
		{6C96A051-C625-44F9-BD5B-592656D38CBF}.Debug|Any CPU.ActiveCfg = Debug|Any CPU
		{6C96A051-C625-44F9-BD5B-592656D38CBF}.Debug|Any CPU.Build.0 = Debug|Any CPU
		{6C96A051-C625-44F9-BD5B-592656D38CBF}.Release|Any CPU.ActiveCfg = Release|Any CPU
		{6C96A051-C625-44F9-BD5B-592656D38CBF}.Release|Any CPU.Build.0 = Release|Any CPU
		{D1E9862E-34DC-43BC-ACB9-11951548371F}.Debug|Any CPU.ActiveCfg = Debug|Any CPU
		{D1E9862E-34DC-43BC-ACB9-11951548371F}.Debug|Any CPU.Build.0 = Debug|Any CPU
		{D1E9862E-34DC-43BC-ACB9-11951548371F}.Release|Any CPU.ActiveCfg = Release|Any CPU
		{D1E9862E-34DC-43BC-ACB9-11951548371F}.Release|Any CPU.Build.0 = Release|Any CPU
		{99FA72A0-6D64-484A-B0D6-8510497713F9}.Debug|Any CPU.ActiveCfg = Debug|Any CPU
		{99FA72A0-6D64-484A-B0D6-8510497713F9}.Debug|Any CPU.Build.0 = Debug|Any CPU
		{99FA72A0-6D64-484A-B0D6-8510497713F9}.Release|Any CPU.ActiveCfg = Release|Any CPU
		{99FA72A0-6D64-484A-B0D6-8510497713F9}.Release|Any CPU.Build.0 = Release|Any CPU
		{3B0829E0-91F3-4B8A-BA6E-38461D2ED03D}.Debug|Any CPU.ActiveCfg = Debug|Any CPU
		{3B0829E0-91F3-4B8A-BA6E-38461D2ED03D}.Debug|Any CPU.Build.0 = Debug|Any CPU
		{3B0829E0-91F3-4B8A-BA6E-38461D2ED03D}.Release|Any CPU.ActiveCfg = Release|Any CPU
		{3B0829E0-91F3-4B8A-BA6E-38461D2ED03D}.Release|Any CPU.Build.0 = Release|Any CPU
		{8A37EC57-B693-42F6-984A-4A6DA5E71020}.Debug|Any CPU.ActiveCfg = Debug|Any CPU
		{8A37EC57-B693-42F6-984A-4A6DA5E71020}.Debug|Any CPU.Build.0 = Debug|Any CPU
		{8A37EC57-B693-42F6-984A-4A6DA5E71020}.Release|Any CPU.ActiveCfg = Release|Any CPU
		{8A37EC57-B693-42F6-984A-4A6DA5E71020}.Release|Any CPU.Build.0 = Release|Any CPU
		{B67E02C4-13D9-4F1B-8DAF-0059DD24EC92}.Debug|Any CPU.ActiveCfg = Debug|Any CPU
		{B67E02C4-13D9-4F1B-8DAF-0059DD24EC92}.Debug|Any CPU.Build.0 = Debug|Any CPU
		{B67E02C4-13D9-4F1B-8DAF-0059DD24EC92}.Release|Any CPU.ActiveCfg = Release|Any CPU
		{B67E02C4-13D9-4F1B-8DAF-0059DD24EC92}.Release|Any CPU.Build.0 = Release|Any CPU
		{480AF47C-F29C-4FDF-8326-D5BC5E155387}.Debug|Any CPU.ActiveCfg = Debug|Any CPU
		{480AF47C-F29C-4FDF-8326-D5BC5E155387}.Debug|Any CPU.Build.0 = Debug|Any CPU
		{480AF47C-F29C-4FDF-8326-D5BC5E155387}.Release|Any CPU.ActiveCfg = Release|Any CPU
		{480AF47C-F29C-4FDF-8326-D5BC5E155387}.Release|Any CPU.Build.0 = Release|Any CPU
		{ECCFA76D-BFF8-4FC1-BC85-416011F3F94B}.Debug|Any CPU.ActiveCfg = Debug|Any CPU
		{ECCFA76D-BFF8-4FC1-BC85-416011F3F94B}.Debug|Any CPU.Build.0 = Debug|Any CPU
		{ECCFA76D-BFF8-4FC1-BC85-416011F3F94B}.Release|Any CPU.ActiveCfg = Release|Any CPU
		{ECCFA76D-BFF8-4FC1-BC85-416011F3F94B}.Release|Any CPU.Build.0 = Release|Any CPU
		{84661F30-E7FD-437F-BF0B-B7F3E234E06A}.Debug|Any CPU.ActiveCfg = Debug|Any CPU
		{84661F30-E7FD-437F-BF0B-B7F3E234E06A}.Debug|Any CPU.Build.0 = Debug|Any CPU
		{84661F30-E7FD-437F-BF0B-B7F3E234E06A}.Release|Any CPU.ActiveCfg = Release|Any CPU
		{84661F30-E7FD-437F-BF0B-B7F3E234E06A}.Release|Any CPU.Build.0 = Release|Any CPU
		{716AC006-3773-49EE-A6DC-0725CEEE0D0B}.Debug|Any CPU.ActiveCfg = Debug|Any CPU
		{716AC006-3773-49EE-A6DC-0725CEEE0D0B}.Debug|Any CPU.Build.0 = Debug|Any CPU
		{716AC006-3773-49EE-A6DC-0725CEEE0D0B}.Release|Any CPU.ActiveCfg = Release|Any CPU
		{716AC006-3773-49EE-A6DC-0725CEEE0D0B}.Release|Any CPU.Build.0 = Release|Any CPU
		{55AC795D-45A6-48E5-AA2A-B102FDCD2EA5}.Debug|Any CPU.ActiveCfg = Debug|Any CPU
		{55AC795D-45A6-48E5-AA2A-B102FDCD2EA5}.Debug|Any CPU.Build.0 = Debug|Any CPU
		{55AC795D-45A6-48E5-AA2A-B102FDCD2EA5}.Release|Any CPU.ActiveCfg = Release|Any CPU
		{55AC795D-45A6-48E5-AA2A-B102FDCD2EA5}.Release|Any CPU.Build.0 = Release|Any CPU
		{AC399CB0-9BBE-4CF5-AF42-A980B88B6770}.Debug|Any CPU.ActiveCfg = Debug|Any CPU
		{AC399CB0-9BBE-4CF5-AF42-A980B88B6770}.Debug|Any CPU.Build.0 = Debug|Any CPU
		{AC399CB0-9BBE-4CF5-AF42-A980B88B6770}.Release|Any CPU.ActiveCfg = Release|Any CPU
		{AC399CB0-9BBE-4CF5-AF42-A980B88B6770}.Release|Any CPU.Build.0 = Release|Any CPU
		{6E448E3B-F9F8-4951-9918-AA041C0D0404}.Debug|Any CPU.ActiveCfg = Debug|Any CPU
		{6E448E3B-F9F8-4951-9918-AA041C0D0404}.Debug|Any CPU.Build.0 = Debug|Any CPU
		{6E448E3B-F9F8-4951-9918-AA041C0D0404}.Release|Any CPU.ActiveCfg = Release|Any CPU
		{6E448E3B-F9F8-4951-9918-AA041C0D0404}.Release|Any CPU.Build.0 = Release|Any CPU
		{92959EDB-7998-4BC6-8DDC-81EC646F6D7C}.Debug|Any CPU.ActiveCfg = Debug|Any CPU
		{92959EDB-7998-4BC6-8DDC-81EC646F6D7C}.Debug|Any CPU.Build.0 = Debug|Any CPU
		{92959EDB-7998-4BC6-8DDC-81EC646F6D7C}.Release|Any CPU.ActiveCfg = Release|Any CPU
		{92959EDB-7998-4BC6-8DDC-81EC646F6D7C}.Release|Any CPU.Build.0 = Release|Any CPU
		{0332C497-9687-4337-9395-2C2968E3B800}.Debug|Any CPU.ActiveCfg = Debug|Any CPU
		{0332C497-9687-4337-9395-2C2968E3B800}.Debug|Any CPU.Build.0 = Debug|Any CPU
		{0332C497-9687-4337-9395-2C2968E3B800}.Release|Any CPU.ActiveCfg = Release|Any CPU
		{0332C497-9687-4337-9395-2C2968E3B800}.Release|Any CPU.Build.0 = Release|Any CPU
		{C08E8DC7-4605-4B44-8D8E-B68EB55BFC4A}.Debug|Any CPU.ActiveCfg = Debug|Any CPU
		{C08E8DC7-4605-4B44-8D8E-B68EB55BFC4A}.Debug|Any CPU.Build.0 = Debug|Any CPU
		{C08E8DC7-4605-4B44-8D8E-B68EB55BFC4A}.Release|Any CPU.ActiveCfg = Release|Any CPU
		{C08E8DC7-4605-4B44-8D8E-B68EB55BFC4A}.Release|Any CPU.Build.0 = Release|Any CPU
		{193D2EB0-D8C5-4FA8-BD6B-708AAD7537A6}.Debug|Any CPU.ActiveCfg = Debug|Any CPU
		{193D2EB0-D8C5-4FA8-BD6B-708AAD7537A6}.Debug|Any CPU.Build.0 = Debug|Any CPU
		{193D2EB0-D8C5-4FA8-BD6B-708AAD7537A6}.Release|Any CPU.ActiveCfg = Release|Any CPU
		{193D2EB0-D8C5-4FA8-BD6B-708AAD7537A6}.Release|Any CPU.Build.0 = Release|Any CPU
	EndGlobalSection
	GlobalSection(SolutionProperties) = preSolution
		HideSolutionNode = FALSE
	EndGlobalSection
	GlobalSection(NestedProjects) = preSolution
		{C58BD2EE-56FA-4263-B713-3E7181E66038} = {51D9DF16-98A2-4057-B292-77C734CE2D71}
		{7967AEFC-6D80-48B3-8155-A15AD57DD7CA} = {51D9DF16-98A2-4057-B292-77C734CE2D71}
		{1641D478-6927-460A-BC52-C86BC5764A2F} = {51D9DF16-98A2-4057-B292-77C734CE2D71}
		{D519FE24-B786-4737-ABD4-41D44268DE74} = {51D9DF16-98A2-4057-B292-77C734CE2D71}
		{04012D5A-E660-4880-BB73-2FD67501B16D} = {51D9DF16-98A2-4057-B292-77C734CE2D71}
		{77D29052-FA37-4283-8B6C-A0E9CF154E6F} = {51D9DF16-98A2-4057-B292-77C734CE2D71}
		{6C96A051-C625-44F9-BD5B-592656D38CBF} = {51D9DF16-98A2-4057-B292-77C734CE2D71}
		{D1E9862E-34DC-43BC-ACB9-11951548371F} = {AB3CC47F-E777-4356-8A6D-CE121A1C5E55}
		{99FA72A0-6D64-484A-B0D6-8510497713F9} = {AB3CC47F-E777-4356-8A6D-CE121A1C5E55}
		{3B0829E0-91F3-4B8A-BA6E-38461D2ED03D} = {AB3CC47F-E777-4356-8A6D-CE121A1C5E55}
		{8A37EC57-B693-42F6-984A-4A6DA5E71020} = {BA878040-4A65-408F-84BD-691F33092F74}
		{B67E02C4-13D9-4F1B-8DAF-0059DD24EC92} = {BA878040-4A65-408F-84BD-691F33092F74}
		{480AF47C-F29C-4FDF-8326-D5BC5E155387} = {BA878040-4A65-408F-84BD-691F33092F74}
		{ECCFA76D-BFF8-4FC1-BC85-416011F3F94B} = {BA878040-4A65-408F-84BD-691F33092F74}
		{84661F30-E7FD-437F-BF0B-B7F3E234E06A} = {BA878040-4A65-408F-84BD-691F33092F74}
		{716AC006-3773-49EE-A6DC-0725CEEE0D0B} = {CAAF9567-5850-4FFB-AAD9-CE14E2020D70}
		{55AC795D-45A6-48E5-AA2A-B102FDCD2EA5} = {CAAF9567-5850-4FFB-AAD9-CE14E2020D70}
		{AC399CB0-9BBE-4CF5-AF42-A980B88B6770} = {CAAF9567-5850-4FFB-AAD9-CE14E2020D70}
		{6E448E3B-F9F8-4951-9918-AA041C0D0404} = {CAAF9567-5850-4FFB-AAD9-CE14E2020D70}
		{92959EDB-7998-4BC6-8DDC-81EC646F6D7C} = {B598E053-FE5D-4354-86F4-679F2CD51BB4}
		{0332C497-9687-4337-9395-2C2968E3B800} = {B598E053-FE5D-4354-86F4-679F2CD51BB4}
		{C08E8DC7-4605-4B44-8D8E-B68EB55BFC4A} = {B598E053-FE5D-4354-86F4-679F2CD51BB4}
		{193D2EB0-D8C5-4FA8-BD6B-708AAD7537A6} = {B598E053-FE5D-4354-86F4-679F2CD51BB4}
	EndGlobalSection
	GlobalSection(ExtensibilityGlobals) = postSolution
		SolutionGuid = {66546BC1-3AF7-4746-A6EC-18BDE3B73813}
	EndGlobalSection
EndGlobal
